// !$*UTF8*$!
{
	archiveVersion = 1;
	classes = {
	};
	objectVersion = 56;
	objects = {

/* Begin PBXBuildFile section */
		22002243299850C6000FA97F /* AccountsView.swift in Sources */ = {isa = PBXBuildFile; fileRef = 22002242299850C6000FA97F /* AccountsView.swift */; };
		22002245299850F5000FA97F /* AccountsManager.swift in Sources */ = {isa = PBXBuildFile; fileRef = 22002244299850F5000FA97F /* AccountsManager.swift */; };
		220022472998759E000FA97F /* BoutiqueStores.swift in Sources */ = {isa = PBXBuildFile; fileRef = 220022462998759E000FA97F /* BoutiqueStores.swift */; };
		2200224929987715000FA97F /* ServerAccountView.swift in Sources */ = {isa = PBXBuildFile; fileRef = 2200224829987715000FA97F /* ServerAccountView.swift */; };
		2200224C2999A8B7000FA97F /* TimelineViewModel.swift in Sources */ = {isa = PBXBuildFile; fileRef = 2200224B2999A8B7000FA97F /* TimelineViewModel.swift */; };
		220AE8C129C521A30023554D /* CameraView.swift in Sources */ = {isa = PBXBuildFile; fileRef = 220AE8C029C521A30023554D /* CameraView.swift */; };
		220AE8C329C521B30023554D /* CameraViewModel.swift in Sources */ = {isa = PBXBuildFile; fileRef = 220AE8C229C521B30023554D /* CameraViewModel.swift */; };
		22120CA92B4A2A99006FECD6 /* NukeVideo in Frameworks */ = {isa = PBXBuildFile; productRef = 22120CA82B4A2A99006FECD6 /* NukeVideo */; };
		22120CAD2B4AB8B3006FECD6 /* Gifu in Frameworks */ = {isa = PBXBuildFile; productRef = 22120CAC2B4AB8B3006FECD6 /* Gifu */; };
		22120CAF2B4B7395006FECD6 /* Palette.swift in Sources */ = {isa = PBXBuildFile; fileRef = 22120CAE2B4B7395006FECD6 /* Palette.swift */; };
		2223CC1B2AA53A7100122870 /* TopBarView.swift in Sources */ = {isa = PBXBuildFile; fileRef = 2223CC1A2AA53A7100122870 /* TopBarView.swift */; };
		2236FB632994609000436F65 /* DetailView.swift in Sources */ = {isa = PBXBuildFile; fileRef = 2236FB622994609000436F65 /* DetailView.swift */; };
		2236FB6629946A7100436F65 /* SwiftSoup in Frameworks */ = {isa = PBXBuildFile; productRef = 2236FB6529946A7100436F65 /* SwiftSoup */; };
		2236FB6A2995B73700436F65 /* PhotoView.swift in Sources */ = {isa = PBXBuildFile; fileRef = 2236FB692995B73700436F65 /* PhotoView.swift */; };
		2236FB752997052200436F65 /* MainView.swift in Sources */ = {isa = PBXBuildFile; fileRef = 2236FB742997052200436F65 /* MainView.swift */; };
		2236FB7729970E5000436F65 /* Settings.swift in Sources */ = {isa = PBXBuildFile; fileRef = 2236FB7629970E5000436F65 /* Settings.swift */; };
		224390662A5D90180040C26C /* FilmStrip.swift in Sources */ = {isa = PBXBuildFile; fileRef = 224390652A5D90180040C26C /* FilmStrip.swift */; };
		2245C228299847AF004B3A4A /* MultipartKitTootSDK in Frameworks */ = {isa = PBXBuildFile; productRef = 2245C227299847AF004B3A4A /* MultipartKitTootSDK */; };
		2245C22A299847AF004B3A4A /* TootSDK in Frameworks */ = {isa = PBXBuildFile; productRef = 2245C229299847AF004B3A4A /* TootSDK */; };
		2277F1AB29B298E200CB0D9C /* README.md in Resources */ = {isa = PBXBuildFile; fileRef = 2277F1AA29B298E200CB0D9C /* README.md */; };
		227C65D729A2D5A3006BF540 /* Flipper.swift in Sources */ = {isa = PBXBuildFile; fileRef = 227C65D629A2D5A3006BF540 /* Flipper.swift */; };
		227C65D929A4F8FE006BF540 /* CornerBadgeView.swift in Sources */ = {isa = PBXBuildFile; fileRef = 227C65D829A4F8FE006BF540 /* CornerBadgeView.swift */; };
		2287F25829A7F53700F24EA9 /* ActionsView.swift in Sources */ = {isa = PBXBuildFile; fileRef = 2287F25729A7F53700F24EA9 /* ActionsView.swift */; };
		2287F25C29A826F400F24EA9 /* PostWrapper.swift in Sources */ = {isa = PBXBuildFile; fileRef = 2287F25B29A826F400F24EA9 /* PostWrapper.swift */; };
		22931AF82B548B0B00378FF9 /* FancyPicker.swift in Sources */ = {isa = PBXBuildFile; fileRef = 22931AF72B548B0B00378FF9 /* FancyPicker.swift */; };
		22931AFE2B573DBD00378FF9 /* ViewExtensions.swift in Sources */ = {isa = PBXBuildFile; fileRef = 22931AFD2B573DBD00378FF9 /* ViewExtensions.swift */; };
		22931B002B5800D900378FF9 /* TootClientEnvironment.swift in Sources */ = {isa = PBXBuildFile; fileRef = 22931AFF2B5800D900378FF9 /* TootClientEnvironment.swift */; };
		22931B022B58464600378FF9 /* PhotoPickerView.swift in Sources */ = {isa = PBXBuildFile; fileRef = 22931B012B58464600378FF9 /* PhotoPickerView.swift */; };
		22931B042B5852AC00378FF9 /* Injectable.swift in Sources */ = {isa = PBXBuildFile; fileRef = 22931B032B5852AC00378FF9 /* Injectable.swift */; };
		22931B062B58533C00378FF9 /* Connection.swift in Sources */ = {isa = PBXBuildFile; fileRef = 22931B052B58533C00378FF9 /* Connection.swift */; };
		22AD6C812A5B6103008A79CA /* ServerAccount.swift in Sources */ = {isa = PBXBuildFile; fileRef = 22AD6C802A5B6103008A79CA /* ServerAccount.swift */; };
		22C0338229ABB5EC00A353B8 /* PostComposerView.swift in Sources */ = {isa = PBXBuildFile; fileRef = 22C0338129ABB5EC00A353B8 /* PostComposerView.swift */; };
		22C4F8792B50AC5F007E2F8A /* NukeVideoView.swift in Sources */ = {isa = PBXBuildFile; fileRef = 22C4F8782B50AC5F007E2F8A /* NukeVideoView.swift */; };
		22CD12092991BE5E00B7D70D /* BottomBarView.swift in Sources */ = {isa = PBXBuildFile; fileRef = 22CD12082991BE5E00B7D70D /* BottomBarView.swift */; };
		22CD120B2993061800B7D70D /* SettingsMenuView.swift in Sources */ = {isa = PBXBuildFile; fileRef = 22CD120A2993061800B7D70D /* SettingsMenuView.swift */; };
		22D750F42B533A8200B71F7D /* alpaca.jpeg in Resources */ = {isa = PBXBuildFile; fileRef = 22D750F32B533A8200B71F7D /* alpaca.jpeg */; };
		22D750F62B533AAE00B71F7D /* sam.jpeg in Resources */ = {isa = PBXBuildFile; fileRef = 22D750F52B533AAD00B71F7D /* sam.jpeg */; };
		22D750F82B534BC300B71F7D /* TestFixtures.swift in Sources */ = {isa = PBXBuildFile; fileRef = 22D750F72B534BC300B71F7D /* TestFixtures.swift */; };
		22D750FD2B53547E00B71F7D /* heaton.jpeg in Resources */ = {isa = PBXBuildFile; fileRef = 22D750FB2B53547E00B71F7D /* heaton.jpeg */; };
		22D750FE2B53547E00B71F7D /* macs.jpeg in Resources */ = {isa = PBXBuildFile; fileRef = 22D750FC2B53547E00B71F7D /* macs.jpeg */; };
		22DFF05D29AD5D9F00D14A27 /* PostComposerViewModel.swift in Sources */ = {isa = PBXBuildFile; fileRef = 22DFF05C29AD5D9F00D14A27 /* PostComposerViewModel.swift */; };
		22EC1200298F23E100976ECC /* TimelineView.swift in Sources */ = {isa = PBXBuildFile; fileRef = 22EC11FF298F23E100976ECC /* TimelineView.swift */; };
		22EC1202298F23E200976ECC /* Assets.xcassets in Resources */ = {isa = PBXBuildFile; fileRef = 22EC1201298F23E200976ECC /* Assets.xcassets */; };
		22EC1206298F23E200976ECC /* Preview Assets.xcassets in Resources */ = {isa = PBXBuildFile; fileRef = 22EC1205298F23E200976ECC /* Preview Assets.xcassets */; };
		22EC121D298F430800976ECC /* BoxPacker.swift in Sources */ = {isa = PBXBuildFile; fileRef = 22EC121C298F430800976ECC /* BoxPacker.swift */; };
		22EC121F298FCBF300976ECC /* StatusView.swift in Sources */ = {isa = PBXBuildFile; fileRef = 22EC121E298FCBF300976ECC /* StatusView.swift */; };
		22EC122229904FF900976ECC /* Nuke in Frameworks */ = {isa = PBXBuildFile; productRef = 22EC122129904FF900976ECC /* Nuke */; };
		22EC122429904FF900976ECC /* NukeExtensions in Frameworks */ = {isa = PBXBuildFile; productRef = 22EC122329904FF900976ECC /* NukeExtensions */; };
		22EC122629904FF900976ECC /* NukeUI in Frameworks */ = {isa = PBXBuildFile; productRef = 22EC122529904FF900976ECC /* NukeUI */; };
		22EC1228299050EE00976ECC /* AvatarView.swift in Sources */ = {isa = PBXBuildFile; fileRef = 22EC1227299050EE00976ECC /* AvatarView.swift */; };
		22EC122B299061AC00976ECC /* Boutique in Frameworks */ = {isa = PBXBuildFile; productRef = 22EC122A299061AC00976ECC /* Boutique */; };
		22F9CDC52B4ED3F0006D2C6D /* AddServerView.swift in Sources */ = {isa = PBXBuildFile; fileRef = 22F9CDC42B4ED3F0006D2C6D /* AddServerView.swift */; };
		22F9CDC72B50A0E3006D2C6D /* TootygraphApp.swift in Sources */ = {isa = PBXBuildFile; fileRef = 22F9CDC62B50A0E3006D2C6D /* TootygraphApp.swift */; };
/* End PBXBuildFile section */

/* Begin PBXFileReference section */
		22002242299850C6000FA97F /* AccountsView.swift */ = {isa = PBXFileReference; lastKnownFileType = sourcecode.swift; path = AccountsView.swift; sourceTree = "<group>"; };
		22002244299850F5000FA97F /* AccountsManager.swift */ = {isa = PBXFileReference; lastKnownFileType = sourcecode.swift; path = AccountsManager.swift; sourceTree = "<group>"; };
		220022462998759E000FA97F /* BoutiqueStores.swift */ = {isa = PBXFileReference; lastKnownFileType = sourcecode.swift; path = BoutiqueStores.swift; sourceTree = "<group>"; };
		2200224829987715000FA97F /* ServerAccountView.swift */ = {isa = PBXFileReference; lastKnownFileType = sourcecode.swift; path = ServerAccountView.swift; sourceTree = "<group>"; };
		2200224A2998CECF000FA97F /* Info.plist */ = {isa = PBXFileReference; lastKnownFileType = text.plist; path = Info.plist; sourceTree = "<group>"; };
		2200224B2999A8B7000FA97F /* TimelineViewModel.swift */ = {isa = PBXFileReference; lastKnownFileType = sourcecode.swift; path = TimelineViewModel.swift; sourceTree = "<group>"; };
		220AE8C029C521A30023554D /* CameraView.swift */ = {isa = PBXFileReference; lastKnownFileType = sourcecode.swift; path = CameraView.swift; sourceTree = "<group>"; };
		220AE8C229C521B30023554D /* CameraViewModel.swift */ = {isa = PBXFileReference; lastKnownFileType = sourcecode.swift; path = CameraViewModel.swift; sourceTree = "<group>"; };
		22120CAE2B4B7395006FECD6 /* Palette.swift */ = {isa = PBXFileReference; lastKnownFileType = sourcecode.swift; path = Palette.swift; sourceTree = "<group>"; };
		2223CC1A2AA53A7100122870 /* TopBarView.swift */ = {isa = PBXFileReference; lastKnownFileType = sourcecode.swift; path = TopBarView.swift; sourceTree = "<group>"; };
		2236FB622994609000436F65 /* DetailView.swift */ = {isa = PBXFileReference; lastKnownFileType = sourcecode.swift; path = DetailView.swift; sourceTree = "<group>"; };
		2236FB692995B73700436F65 /* PhotoView.swift */ = {isa = PBXFileReference; lastKnownFileType = sourcecode.swift; path = PhotoView.swift; sourceTree = "<group>"; };
		2236FB742997052200436F65 /* MainView.swift */ = {isa = PBXFileReference; lastKnownFileType = sourcecode.swift; path = MainView.swift; sourceTree = "<group>"; };
		2236FB7629970E5000436F65 /* Settings.swift */ = {isa = PBXFileReference; lastKnownFileType = sourcecode.swift; path = Settings.swift; sourceTree = "<group>"; };
		224390652A5D90180040C26C /* FilmStrip.swift */ = {isa = PBXFileReference; lastKnownFileType = sourcecode.swift; path = FilmStrip.swift; sourceTree = "<group>"; };
		2277F1AA29B298E200CB0D9C /* README.md */ = {isa = PBXFileReference; fileEncoding = 4; lastKnownFileType = net.daringfireball.markdown; path = README.md; sourceTree = "<group>"; };
		227C65D629A2D5A3006BF540 /* Flipper.swift */ = {isa = PBXFileReference; lastKnownFileType = sourcecode.swift; path = Flipper.swift; sourceTree = "<group>"; };
		227C65D829A4F8FE006BF540 /* CornerBadgeView.swift */ = {isa = PBXFileReference; lastKnownFileType = sourcecode.swift; path = CornerBadgeView.swift; sourceTree = "<group>"; };
		2287F25729A7F53700F24EA9 /* ActionsView.swift */ = {isa = PBXFileReference; lastKnownFileType = sourcecode.swift; path = ActionsView.swift; sourceTree = "<group>"; };
		2287F25B29A826F400F24EA9 /* PostWrapper.swift */ = {isa = PBXFileReference; lastKnownFileType = sourcecode.swift; path = PostWrapper.swift; sourceTree = "<group>"; };
		22931AF72B548B0B00378FF9 /* FancyPicker.swift */ = {isa = PBXFileReference; lastKnownFileType = sourcecode.swift; path = FancyPicker.swift; sourceTree = "<group>"; };
		22931AFD2B573DBD00378FF9 /* ViewExtensions.swift */ = {isa = PBXFileReference; lastKnownFileType = sourcecode.swift; path = ViewExtensions.swift; sourceTree = "<group>"; };
		22931AFF2B5800D900378FF9 /* TootClientEnvironment.swift */ = {isa = PBXFileReference; lastKnownFileType = sourcecode.swift; path = TootClientEnvironment.swift; sourceTree = "<group>"; };
		22931B012B58464600378FF9 /* PhotoPickerView.swift */ = {isa = PBXFileReference; lastKnownFileType = sourcecode.swift; path = PhotoPickerView.swift; sourceTree = "<group>"; };
		22931B032B5852AC00378FF9 /* Injectable.swift */ = {isa = PBXFileReference; lastKnownFileType = sourcecode.swift; path = Injectable.swift; sourceTree = "<group>"; };
		22931B052B58533C00378FF9 /* Connection.swift */ = {isa = PBXFileReference; lastKnownFileType = sourcecode.swift; path = Connection.swift; sourceTree = "<group>"; };
		22AD6C802A5B6103008A79CA /* ServerAccount.swift */ = {isa = PBXFileReference; lastKnownFileType = sourcecode.swift; path = ServerAccount.swift; sourceTree = "<group>"; };
		22C0338129ABB5EC00A353B8 /* PostComposerView.swift */ = {isa = PBXFileReference; lastKnownFileType = sourcecode.swift; path = PostComposerView.swift; sourceTree = "<group>"; };
		22C4F8782B50AC5F007E2F8A /* NukeVideoView.swift */ = {isa = PBXFileReference; lastKnownFileType = sourcecode.swift; path = NukeVideoView.swift; sourceTree = "<group>"; };
		22CD12082991BE5E00B7D70D /* BottomBarView.swift */ = {isa = PBXFileReference; lastKnownFileType = sourcecode.swift; path = BottomBarView.swift; sourceTree = "<group>"; };
		22CD120A2993061800B7D70D /* SettingsMenuView.swift */ = {isa = PBXFileReference; lastKnownFileType = sourcecode.swift; path = SettingsMenuView.swift; sourceTree = "<group>"; };
		22D750F32B533A8200B71F7D /* alpaca.jpeg */ = {isa = PBXFileReference; lastKnownFileType = image.jpeg; path = alpaca.jpeg; sourceTree = "<group>"; };
		22D750F52B533AAD00B71F7D /* sam.jpeg */ = {isa = PBXFileReference; lastKnownFileType = image.jpeg; path = sam.jpeg; sourceTree = "<group>"; };
		22D750F72B534BC300B71F7D /* TestFixtures.swift */ = {isa = PBXFileReference; lastKnownFileType = sourcecode.swift; path = TestFixtures.swift; sourceTree = "<group>"; };
		22D750FB2B53547E00B71F7D /* heaton.jpeg */ = {isa = PBXFileReference; lastKnownFileType = image.jpeg; path = heaton.jpeg; sourceTree = "<group>"; };
		22D750FC2B53547E00B71F7D /* macs.jpeg */ = {isa = PBXFileReference; lastKnownFileType = image.jpeg; path = macs.jpeg; sourceTree = "<group>"; };
		22DFF05C29AD5D9F00D14A27 /* PostComposerViewModel.swift */ = {isa = PBXFileReference; lastKnownFileType = sourcecode.swift; path = PostComposerViewModel.swift; sourceTree = "<group>"; };
		22EC11FA298F23E100976ECC /* Tootygraph.app */ = {isa = PBXFileReference; explicitFileType = wrapper.application; includeInIndex = 0; path = Tootygraph.app; sourceTree = BUILT_PRODUCTS_DIR; };
		22EC11FF298F23E100976ECC /* TimelineView.swift */ = {isa = PBXFileReference; lastKnownFileType = sourcecode.swift; path = TimelineView.swift; sourceTree = "<group>"; };
		22EC1201298F23E200976ECC /* Assets.xcassets */ = {isa = PBXFileReference; lastKnownFileType = folder.assetcatalog; path = Assets.xcassets; sourceTree = "<group>"; };
		22EC1203298F23E200976ECC /* Tootygraph.entitlements */ = {isa = PBXFileReference; lastKnownFileType = text.plist.entitlements; path = Tootygraph.entitlements; sourceTree = "<group>"; };
		22EC1205298F23E200976ECC /* Preview Assets.xcassets */ = {isa = PBXFileReference; lastKnownFileType = folder.assetcatalog; path = "Preview Assets.xcassets"; sourceTree = "<group>"; };
		22EC121C298F430800976ECC /* BoxPacker.swift */ = {isa = PBXFileReference; lastKnownFileType = sourcecode.swift; path = BoxPacker.swift; sourceTree = "<group>"; };
		22EC121E298FCBF300976ECC /* StatusView.swift */ = {isa = PBXFileReference; lastKnownFileType = sourcecode.swift; path = StatusView.swift; sourceTree = "<group>"; };
		22EC1227299050EE00976ECC /* AvatarView.swift */ = {isa = PBXFileReference; lastKnownFileType = sourcecode.swift; path = AvatarView.swift; sourceTree = "<group>"; };
		22F9CDC42B4ED3F0006D2C6D /* AddServerView.swift */ = {isa = PBXFileReference; lastKnownFileType = sourcecode.swift; path = AddServerView.swift; sourceTree = "<group>"; };
		22F9CDC62B50A0E3006D2C6D /* TootygraphApp.swift */ = {isa = PBXFileReference; lastKnownFileType = sourcecode.swift; path = TootygraphApp.swift; sourceTree = "<group>"; };
/* End PBXFileReference section */

/* Begin PBXFrameworksBuildPhase section */
		22EC11F7298F23E100976ECC /* Frameworks */ = {
			isa = PBXFrameworksBuildPhase;
			buildActionMask = 2147483647;
			files = (
				22EC122629904FF900976ECC /* NukeUI in Frameworks */,
				2245C228299847AF004B3A4A /* MultipartKitTootSDK in Frameworks */,
				2245C22A299847AF004B3A4A /* TootSDK in Frameworks */,
				22120CA92B4A2A99006FECD6 /* NukeVideo in Frameworks */,
				22EC122229904FF900976ECC /* Nuke in Frameworks */,
				22120CAD2B4AB8B3006FECD6 /* Gifu in Frameworks */,
				22EC122B299061AC00976ECC /* Boutique in Frameworks */,
				22EC122429904FF900976ECC /* NukeExtensions in Frameworks */,
				2236FB6629946A7100436F65 /* SwiftSoup in Frameworks */,
			);
			runOnlyForDeploymentPostprocessing = 0;
		};
/* End PBXFrameworksBuildPhase section */

/* Begin PBXGroup section */
		22002241299850AF000FA97F /* Accounts */ = {
			isa = PBXGroup;
			children = (
				22002242299850C6000FA97F /* AccountsView.swift */,
				22F9CDC42B4ED3F0006D2C6D /* AddServerView.swift */,
				2200224829987715000FA97F /* ServerAccountView.swift */,
			);
			path = Accounts;
			sourceTree = "<group>";
		};
		22120CA72B4A2A99006FECD6 /* Frameworks */ = {
			isa = PBXGroup;
			children = (
			);
			name = Frameworks;
			sourceTree = "<group>";
		};
		2236FB672995B63300436F65 /* Timeline */ = {
			isa = PBXGroup;
			children = (
				22EC11FF298F23E100976ECC /* TimelineView.swift */,
				2200224B2999A8B7000FA97F /* TimelineViewModel.swift */,
				2236FB622994609000436F65 /* DetailView.swift */,
				22EC121E298FCBF300976ECC /* StatusView.swift */,
				2287F25729A7F53700F24EA9 /* ActionsView.swift */,
				22EC1227299050EE00976ECC /* AvatarView.swift */,
				227C65D629A2D5A3006BF540 /* Flipper.swift */,
			);
			path = Timeline;
			sourceTree = "<group>";
		};
		2236FB682995B64F00436F65 /* Layouts */ = {
			isa = PBXGroup;
			children = (
				22EC121C298F430800976ECC /* BoxPacker.swift */,
			);
			path = Layouts;
			sourceTree = "<group>";
		};
		22805CCC29D23E4400DE7818 /* Media Views */ = {
			isa = PBXGroup;
			children = (
				2236FB692995B73700436F65 /* PhotoView.swift */,
				227C65D829A4F8FE006BF540 /* CornerBadgeView.swift */,
				22C4F8782B50AC5F007E2F8A /* NukeVideoView.swift */,
			);
			path = "Media Views";
			sourceTree = "<group>";
		};
		22805CCD29D23E9400DE7818 /* Settings */ = {
			isa = PBXGroup;
			children = (
				22CD120A2993061800B7D70D /* SettingsMenuView.swift */,
			);
			path = Settings;
			sourceTree = "<group>";
		};
		22931AF92B55DD6A00378FF9 /* Oddments */ = {
			isa = PBXGroup;
			children = (
				22931AFF2B5800D900378FF9 /* TootClientEnvironment.swift */,
				220022462998759E000FA97F /* BoutiqueStores.swift */,
				22120CAE2B4B7395006FECD6 /* Palette.swift */,
				22931AF72B548B0B00378FF9 /* FancyPicker.swift */,
				22931AFD2B573DBD00378FF9 /* ViewExtensions.swift */,
				22931B032B5852AC00378FF9 /* Injectable.swift */,
			);
			path = Oddments;
			sourceTree = "<group>";
		};
		22931AFA2B55DD8400378FF9 /* Main Interface */ = {
			isa = PBXGroup;
			children = (
				2236FB742997052200436F65 /* MainView.swift */,
				2223CC1A2AA53A7100122870 /* TopBarView.swift */,
				22CD12082991BE5E00B7D70D /* BottomBarView.swift */,
			);
			path = "Main Interface";
			sourceTree = "<group>";
		};
		22C0338029ABB5C600A353B8 /* Post Composer */ = {
			isa = PBXGroup;
			children = (
				22C0338129ABB5EC00A353B8 /* PostComposerView.swift */,
				22DFF05C29AD5D9F00D14A27 /* PostComposerViewModel.swift */,
				22931B012B58464600378FF9 /* PhotoPickerView.swift */,
				220AE8C029C521A30023554D /* CameraView.swift */,
				220AE8C229C521B30023554D /* CameraViewModel.swift */,
				224390652A5D90180040C26C /* FilmStrip.swift */,
			);
			path = "Post Composer";
			sourceTree = "<group>";
		};
		22EC11F1298F23E100976ECC = {
			isa = PBXGroup;
			children = (
				2277F1AA29B298E200CB0D9C /* README.md */,
				22EC11FC298F23E100976ECC /* Tootygraph */,
				22EC11FB298F23E100976ECC /* Products */,
				22120CA72B4A2A99006FECD6 /* Frameworks */,
			);
			sourceTree = "<group>";
		};
		22EC11FB298F23E100976ECC /* Products */ = {
			isa = PBXGroup;
			children = (
				22EC11FA298F23E100976ECC /* Tootygraph.app */,
			);
			name = Products;
			sourceTree = "<group>";
		};
		22EC11FC298F23E100976ECC /* Tootygraph */ = {
			isa = PBXGroup;
			children = (
				2200224A2998CECF000FA97F /* Info.plist */,
				22F9CDC62B50A0E3006D2C6D /* TootygraphApp.swift */,
				22EC120D298F240D00976ECC /* Business */,
				22931AF92B55DD6A00378FF9 /* Oddments */,
				22931AFA2B55DD8400378FF9 /* Main Interface */,
				22002241299850AF000FA97F /* Accounts */,
				22805CCD29D23E9400DE7818 /* Settings */,
				22805CCC29D23E4400DE7818 /* Media Views */,
				22C0338029ABB5C600A353B8 /* Post Composer */,
				2236FB672995B63300436F65 /* Timeline */,
				2236FB682995B64F00436F65 /* Layouts */,
				22EC1201298F23E200976ECC /* Assets.xcassets */,
				22EC1203298F23E200976ECC /* Tootygraph.entitlements */,
				22EC1204298F23E200976ECC /* Preview Content */,
			);
			path = Tootygraph;
			sourceTree = "<group>";
		};
		22EC1204298F23E200976ECC /* Preview Content */ = {
			isa = PBXGroup;
			children = (
				22D750F32B533A8200B71F7D /* alpaca.jpeg */,
				22D750F52B533AAD00B71F7D /* sam.jpeg */,
				22D750FB2B53547E00B71F7D /* heaton.jpeg */,
				22D750FC2B53547E00B71F7D /* macs.jpeg */,
				22EC1205298F23E200976ECC /* Preview Assets.xcassets */,
				22D750F72B534BC300B71F7D /* TestFixtures.swift */,
			);
			path = "Preview Content";
			sourceTree = "<group>";
		};
		22EC120D298F240D00976ECC /* Business */ = {
			isa = PBXGroup;
			children = (
				22002244299850F5000FA97F /* AccountsManager.swift */,
				22AD6C802A5B6103008A79CA /* ServerAccount.swift */,
				22931B052B58533C00378FF9 /* Connection.swift */,
				2287F25B29A826F400F24EA9 /* PostWrapper.swift */,
				2236FB7629970E5000436F65 /* Settings.swift */,
			);
			path = Business;
			sourceTree = "<group>";
		};
/* End PBXGroup section */

/* Begin PBXNativeTarget section */
		22EC11F9298F23E100976ECC /* Tootygraph */ = {
			isa = PBXNativeTarget;
			buildConfigurationList = 22EC1209298F23E200976ECC /* Build configuration list for PBXNativeTarget "Tootygraph" */;
			buildPhases = (
				22EC11F6298F23E100976ECC /* Sources */,
				22EC11F7298F23E100976ECC /* Frameworks */,
				22EC11F8298F23E100976ECC /* Resources */,
			);
			buildRules = (
			);
			dependencies = (
			);
			name = Tootygraph;
			packageProductDependencies = (
				22EC122129904FF900976ECC /* Nuke */,
				22EC122329904FF900976ECC /* NukeExtensions */,
				22EC122529904FF900976ECC /* NukeUI */,
				22EC122A299061AC00976ECC /* Boutique */,
				2236FB6529946A7100436F65 /* SwiftSoup */,
				2245C227299847AF004B3A4A /* MultipartKitTootSDK */,
				2245C229299847AF004B3A4A /* TootSDK */,
				22120CA82B4A2A99006FECD6 /* NukeVideo */,
				22120CAC2B4AB8B3006FECD6 /* Gifu */,
			);
			productName = Fedster;
			productReference = 22EC11FA298F23E100976ECC /* Tootygraph.app */;
			productType = "com.apple.product-type.application";
		};
/* End PBXNativeTarget section */

/* Begin PBXProject section */
		22EC11F2298F23E100976ECC /* Project object */ = {
			isa = PBXProject;
			attributes = {
				BuildIndependentTargetsInParallel = 1;
				LastSwiftUpdateCheck = 1420;
				LastUpgradeCheck = 1510;
				TargetAttributes = {
					22EC11F9298F23E100976ECC = {
						CreatedOnToolsVersion = 14.2;
					};
				};
			};
			buildConfigurationList = 22EC11F5298F23E100976ECC /* Build configuration list for PBXProject "Tootygraph" */;
			compatibilityVersion = "Xcode 14.0";
			developmentRegion = en;
			hasScannedForEncodings = 0;
			knownRegions = (
				en,
				Base,
			);
			mainGroup = 22EC11F1298F23E100976ECC;
			packageReferences = (
				22EC122029904FF900976ECC /* XCRemoteSwiftPackageReference "Nuke" */,
				22EC1229299061AC00976ECC /* XCRemoteSwiftPackageReference "Boutique" */,
				2236FB6429946A7100436F65 /* XCRemoteSwiftPackageReference "SwiftSoup" */,
				2245C226299847AF004B3A4A /* XCRemoteSwiftPackageReference "TootSDK" */,
				22120CAB2B4AB8B3006FECD6 /* XCRemoteSwiftPackageReference "Gifu" */,
			);
			productRefGroup = 22EC11FB298F23E100976ECC /* Products */;
			projectDirPath = "";
			projectRoot = "";
			targets = (
				22EC11F9298F23E100976ECC /* Tootygraph */,
			);
		};
/* End PBXProject section */

/* Begin PBXResourcesBuildPhase section */
		22EC11F8298F23E100976ECC /* Resources */ = {
			isa = PBXResourcesBuildPhase;
			buildActionMask = 2147483647;
			files = (
				22D750FD2B53547E00B71F7D /* heaton.jpeg in Resources */,
				22D750F62B533AAE00B71F7D /* sam.jpeg in Resources */,
				2277F1AB29B298E200CB0D9C /* README.md in Resources */,
				22D750F42B533A8200B71F7D /* alpaca.jpeg in Resources */,
				22EC1206298F23E200976ECC /* Preview Assets.xcassets in Resources */,
				22D750FE2B53547E00B71F7D /* macs.jpeg in Resources */,
				22EC1202298F23E200976ECC /* Assets.xcassets in Resources */,
			);
			runOnlyForDeploymentPostprocessing = 0;
		};
/* End PBXResourcesBuildPhase section */

/* Begin PBXSourcesBuildPhase section */
		22EC11F6298F23E100976ECC /* Sources */ = {
			isa = PBXSourcesBuildPhase;
			buildActionMask = 2147483647;
			files = (
				2236FB6A2995B73700436F65 /* PhotoView.swift in Sources */,
				22F9CDC52B4ED3F0006D2C6D /* AddServerView.swift in Sources */,
				22C0338229ABB5EC00A353B8 /* PostComposerView.swift in Sources */,
				22D750F82B534BC300B71F7D /* TestFixtures.swift in Sources */,
				22002245299850F5000FA97F /* AccountsManager.swift in Sources */,
				224390662A5D90180040C26C /* FilmStrip.swift in Sources */,
				22CD120B2993061800B7D70D /* SettingsMenuView.swift in Sources */,
				2236FB632994609000436F65 /* DetailView.swift in Sources */,
				22120CAF2B4B7395006FECD6 /* Palette.swift in Sources */,
				220AE8C329C521B30023554D /* CameraViewModel.swift in Sources */,
				22931B062B58533C00378FF9 /* Connection.swift in Sources */,
				22AD6C812A5B6103008A79CA /* ServerAccount.swift in Sources */,
				2236FB7729970E5000436F65 /* Settings.swift in Sources */,
				22EC1200298F23E100976ECC /* TimelineView.swift in Sources */,
				22002243299850C6000FA97F /* AccountsView.swift in Sources */,
				22931B002B5800D900378FF9 /* TootClientEnvironment.swift in Sources */,
				22C4F8792B50AC5F007E2F8A /* NukeVideoView.swift in Sources */,
				22931B042B5852AC00378FF9 /* Injectable.swift in Sources */,
				2287F25829A7F53700F24EA9 /* ActionsView.swift in Sources */,
				2223CC1B2AA53A7100122870 /* TopBarView.swift in Sources */,
				220022472998759E000FA97F /* BoutiqueStores.swift in Sources */,
				22EC1228299050EE00976ECC /* AvatarView.swift in Sources */,
				22EC121F298FCBF300976ECC /* StatusView.swift in Sources */,
				2200224929987715000FA97F /* ServerAccountView.swift in Sources */,
				2236FB752997052200436F65 /* MainView.swift in Sources */,
				22931AFE2B573DBD00378FF9 /* ViewExtensions.swift in Sources */,
				22CD12092991BE5E00B7D70D /* BottomBarView.swift in Sources */,
				2200224C2999A8B7000FA97F /* TimelineViewModel.swift in Sources */,
				227C65D729A2D5A3006BF540 /* Flipper.swift in Sources */,
				22DFF05D29AD5D9F00D14A27 /* PostComposerViewModel.swift in Sources */,
				22931B022B58464600378FF9 /* PhotoPickerView.swift in Sources */,
				220AE8C129C521A30023554D /* CameraView.swift in Sources */,
				22931AF82B548B0B00378FF9 /* FancyPicker.swift in Sources */,
				2287F25C29A826F400F24EA9 /* PostWrapper.swift in Sources */,
				22EC121D298F430800976ECC /* BoxPacker.swift in Sources */,
				22F9CDC72B50A0E3006D2C6D /* TootygraphApp.swift in Sources */,
				227C65D929A4F8FE006BF540 /* CornerBadgeView.swift in Sources */,
			);
			runOnlyForDeploymentPostprocessing = 0;
		};
/* End PBXSourcesBuildPhase section */

/* Begin XCBuildConfiguration section */
		22EC1207298F23E200976ECC /* Debug */ = {
			isa = XCBuildConfiguration;
			buildSettings = {
				ALWAYS_SEARCH_USER_PATHS = NO;
				ASSETCATALOG_COMPILER_GENERATE_SWIFT_ASSET_SYMBOL_EXTENSIONS = YES;
				CLANG_ANALYZER_NONNULL = YES;
				CLANG_ANALYZER_NUMBER_OBJECT_CONVERSION = YES_AGGRESSIVE;
				CLANG_CXX_LANGUAGE_STANDARD = "gnu++20";
				CLANG_ENABLE_MODULES = YES;
				CLANG_ENABLE_OBJC_ARC = YES;
				CLANG_ENABLE_OBJC_WEAK = YES;
				CLANG_WARN_BLOCK_CAPTURE_AUTORELEASING = YES;
				CLANG_WARN_BOOL_CONVERSION = YES;
				CLANG_WARN_COMMA = YES;
				CLANG_WARN_CONSTANT_CONVERSION = YES;
				CLANG_WARN_DEPRECATED_OBJC_IMPLEMENTATIONS = YES;
				CLANG_WARN_DIRECT_OBJC_ISA_USAGE = YES_ERROR;
				CLANG_WARN_DOCUMENTATION_COMMENTS = YES;
				CLANG_WARN_EMPTY_BODY = YES;
				CLANG_WARN_ENUM_CONVERSION = YES;
				CLANG_WARN_INFINITE_RECURSION = YES;
				CLANG_WARN_INT_CONVERSION = YES;
				CLANG_WARN_NON_LITERAL_NULL_CONVERSION = YES;
				CLANG_WARN_OBJC_IMPLICIT_RETAIN_SELF = YES;
				CLANG_WARN_OBJC_LITERAL_CONVERSION = YES;
				CLANG_WARN_OBJC_ROOT_CLASS = YES_ERROR;
				CLANG_WARN_QUOTED_INCLUDE_IN_FRAMEWORK_HEADER = YES;
				CLANG_WARN_RANGE_LOOP_ANALYSIS = YES;
				CLANG_WARN_STRICT_PROTOTYPES = YES;
				CLANG_WARN_SUSPICIOUS_MOVE = YES;
				CLANG_WARN_UNGUARDED_AVAILABILITY = YES_AGGRESSIVE;
				CLANG_WARN_UNREACHABLE_CODE = YES;
				CLANG_WARN__DUPLICATE_METHOD_MATCH = YES;
				COPY_PHASE_STRIP = NO;
				DEAD_CODE_STRIPPING = YES;
				DEBUG_INFORMATION_FORMAT = dwarf;
				ENABLE_STRICT_OBJC_MSGSEND = YES;
				ENABLE_TESTABILITY = YES;
				ENABLE_USER_SCRIPT_SANDBOXING = YES;
				GCC_C_LANGUAGE_STANDARD = gnu11;
				GCC_DYNAMIC_NO_PIC = NO;
				GCC_NO_COMMON_BLOCKS = YES;
				GCC_OPTIMIZATION_LEVEL = 0;
				GCC_PREPROCESSOR_DEFINITIONS = (
					"DEBUG=1",
					"$(inherited)",
				);
				GCC_WARN_64_TO_32_BIT_CONVERSION = YES;
				GCC_WARN_ABOUT_RETURN_TYPE = YES_ERROR;
				GCC_WARN_UNDECLARED_SELECTOR = YES;
				GCC_WARN_UNINITIALIZED_AUTOS = YES_AGGRESSIVE;
				GCC_WARN_UNUSED_FUNCTION = YES;
				GCC_WARN_UNUSED_VARIABLE = YES;
				MTL_ENABLE_DEBUG_INFO = INCLUDE_SOURCE;
				MTL_FAST_MATH = YES;
				ONLY_ACTIVE_ARCH = YES;
				SWIFT_ACTIVE_COMPILATION_CONDITIONS = DEBUG;
				SWIFT_OPTIMIZATION_LEVEL = "-Onone";
			};
			name = Debug;
		};
		22EC1208298F23E200976ECC /* Release */ = {
			isa = XCBuildConfiguration;
			buildSettings = {
				ALWAYS_SEARCH_USER_PATHS = NO;
				ASSETCATALOG_COMPILER_GENERATE_SWIFT_ASSET_SYMBOL_EXTENSIONS = YES;
				CLANG_ANALYZER_NONNULL = YES;
				CLANG_ANALYZER_NUMBER_OBJECT_CONVERSION = YES_AGGRESSIVE;
				CLANG_CXX_LANGUAGE_STANDARD = "gnu++20";
				CLANG_ENABLE_MODULES = YES;
				CLANG_ENABLE_OBJC_ARC = YES;
				CLANG_ENABLE_OBJC_WEAK = YES;
				CLANG_WARN_BLOCK_CAPTURE_AUTORELEASING = YES;
				CLANG_WARN_BOOL_CONVERSION = YES;
				CLANG_WARN_COMMA = YES;
				CLANG_WARN_CONSTANT_CONVERSION = YES;
				CLANG_WARN_DEPRECATED_OBJC_IMPLEMENTATIONS = YES;
				CLANG_WARN_DIRECT_OBJC_ISA_USAGE = YES_ERROR;
				CLANG_WARN_DOCUMENTATION_COMMENTS = YES;
				CLANG_WARN_EMPTY_BODY = YES;
				CLANG_WARN_ENUM_CONVERSION = YES;
				CLANG_WARN_INFINITE_RECURSION = YES;
				CLANG_WARN_INT_CONVERSION = YES;
				CLANG_WARN_NON_LITERAL_NULL_CONVERSION = YES;
				CLANG_WARN_OBJC_IMPLICIT_RETAIN_SELF = YES;
				CLANG_WARN_OBJC_LITERAL_CONVERSION = YES;
				CLANG_WARN_OBJC_ROOT_CLASS = YES_ERROR;
				CLANG_WARN_QUOTED_INCLUDE_IN_FRAMEWORK_HEADER = YES;
				CLANG_WARN_RANGE_LOOP_ANALYSIS = YES;
				CLANG_WARN_STRICT_PROTOTYPES = YES;
				CLANG_WARN_SUSPICIOUS_MOVE = YES;
				CLANG_WARN_UNGUARDED_AVAILABILITY = YES_AGGRESSIVE;
				CLANG_WARN_UNREACHABLE_CODE = YES;
				CLANG_WARN__DUPLICATE_METHOD_MATCH = YES;
				COPY_PHASE_STRIP = NO;
				DEAD_CODE_STRIPPING = YES;
				DEBUG_INFORMATION_FORMAT = "dwarf-with-dsym";
				ENABLE_NS_ASSERTIONS = NO;
				ENABLE_STRICT_OBJC_MSGSEND = YES;
				ENABLE_USER_SCRIPT_SANDBOXING = YES;
				GCC_C_LANGUAGE_STANDARD = gnu11;
				GCC_NO_COMMON_BLOCKS = YES;
				GCC_WARN_64_TO_32_BIT_CONVERSION = YES;
				GCC_WARN_ABOUT_RETURN_TYPE = YES_ERROR;
				GCC_WARN_UNDECLARED_SELECTOR = YES;
				GCC_WARN_UNINITIALIZED_AUTOS = YES_AGGRESSIVE;
				GCC_WARN_UNUSED_FUNCTION = YES;
				GCC_WARN_UNUSED_VARIABLE = YES;
				MTL_ENABLE_DEBUG_INFO = NO;
				MTL_FAST_MATH = YES;
				SWIFT_COMPILATION_MODE = wholemodule;
				SWIFT_OPTIMIZATION_LEVEL = "-O";
			};
			name = Release;
		};
		22EC120A298F23E200976ECC /* Debug */ = {
			isa = XCBuildConfiguration;
			buildSettings = {
				ASSETCATALOG_COMPILER_APPICON_NAME = RaccoGreen;
				ASSETCATALOG_COMPILER_GLOBAL_ACCENT_COLOR_NAME = AccentColor;
				ASSETCATALOG_COMPILER_INCLUDE_ALL_APPICON_ASSETS = NO;
				CODE_SIGN_ENTITLEMENTS = Tootygraph/Tootygraph.entitlements;
				CODE_SIGN_STYLE = Automatic;
				CURRENT_PROJECT_VERSION = 1;
				DEAD_CODE_STRIPPING = YES;
				DEVELOPMENT_ASSET_PATHS = "\"Tootygraph/Preview Content\"";
				DEVELOPMENT_TEAM = 9M28MQ9SZC;
				ENABLE_HARDENED_RUNTIME = YES;
				ENABLE_PREVIEWS = YES;
				GENERATE_INFOPLIST_FILE = YES;
				INFOPLIST_FILE = Tootygraph/Info.plist;
				INFOPLIST_KEY_LSApplicationCategoryType = "public.app-category.social-networking";
				"INFOPLIST_KEY_UIApplicationSceneManifest_Generation[sdk=iphoneos*]" = NO;
				"INFOPLIST_KEY_UIApplicationSceneManifest_Generation[sdk=iphonesimulator*]" = NO;
				"INFOPLIST_KEY_UIApplicationSupportsIndirectInputEvents[sdk=iphoneos*]" = YES;
				"INFOPLIST_KEY_UIApplicationSupportsIndirectInputEvents[sdk=iphonesimulator*]" = YES;
				"INFOPLIST_KEY_UILaunchScreen_Generation[sdk=iphoneos*]" = YES;
				"INFOPLIST_KEY_UILaunchScreen_Generation[sdk=iphonesimulator*]" = YES;
				"INFOPLIST_KEY_UIStatusBarStyle[sdk=iphoneos*]" = UIStatusBarStyleDefault;
				"INFOPLIST_KEY_UIStatusBarStyle[sdk=iphonesimulator*]" = UIStatusBarStyleDefault;
				INFOPLIST_KEY_UISupportedInterfaceOrientations_iPad = "UIInterfaceOrientationPortrait UIInterfaceOrientationPortraitUpsideDown UIInterfaceOrientationLandscapeLeft UIInterfaceOrientationLandscapeRight";
				INFOPLIST_KEY_UISupportedInterfaceOrientations_iPhone = "UIInterfaceOrientationPortrait UIInterfaceOrientationLandscapeLeft UIInterfaceOrientationLandscapeRight";
				IPHONEOS_DEPLOYMENT_TARGET = 17.0;
				LD_RUNPATH_SEARCH_PATHS = "@executable_path/Frameworks";
				"LD_RUNPATH_SEARCH_PATHS[sdk=macosx*]" = "@executable_path/../Frameworks";
				MACOSX_DEPLOYMENT_TARGET = 13.0;
				MARKETING_VERSION = 0.1;
				PRODUCT_BUNDLE_IDENTIFIER = uk.co.spotlightkid.tootygraph;
				PRODUCT_NAME = "$(TARGET_NAME)";
				SDKROOT = auto;
				SUPPORTED_PLATFORMS = "iphoneos iphonesimulator";
				SUPPORTS_MACCATALYST = NO;
				SWIFT_EMIT_LOC_STRINGS = YES;
				SWIFT_VERSION = 5.0;
				TARGETED_DEVICE_FAMILY = "1,2";
			};
			name = Debug;
		};
		22EC120B298F23E200976ECC /* Release */ = {
			isa = XCBuildConfiguration;
			buildSettings = {
				ASSETCATALOG_COMPILER_APPICON_NAME = RaccoGreen;
				ASSETCATALOG_COMPILER_GLOBAL_ACCENT_COLOR_NAME = AccentColor;
				ASSETCATALOG_COMPILER_INCLUDE_ALL_APPICON_ASSETS = NO;
				CODE_SIGN_ENTITLEMENTS = Tootygraph/Tootygraph.entitlements;
				CODE_SIGN_STYLE = Automatic;
				CURRENT_PROJECT_VERSION = 1;
				DEAD_CODE_STRIPPING = YES;
				DEVELOPMENT_ASSET_PATHS = "\"Tootygraph/Preview Content\"";
				DEVELOPMENT_TEAM = 9M28MQ9SZC;
				ENABLE_HARDENED_RUNTIME = YES;
				ENABLE_PREVIEWS = YES;
				GENERATE_INFOPLIST_FILE = YES;
				INFOPLIST_FILE = Tootygraph/Info.plist;
				INFOPLIST_KEY_LSApplicationCategoryType = "public.app-category.social-networking";
				"INFOPLIST_KEY_UIApplicationSceneManifest_Generation[sdk=iphoneos*]" = NO;
				"INFOPLIST_KEY_UIApplicationSceneManifest_Generation[sdk=iphonesimulator*]" = NO;
				"INFOPLIST_KEY_UIApplicationSupportsIndirectInputEvents[sdk=iphoneos*]" = YES;
				"INFOPLIST_KEY_UIApplicationSupportsIndirectInputEvents[sdk=iphonesimulator*]" = YES;
				"INFOPLIST_KEY_UILaunchScreen_Generation[sdk=iphoneos*]" = YES;
				"INFOPLIST_KEY_UILaunchScreen_Generation[sdk=iphonesimulator*]" = YES;
				"INFOPLIST_KEY_UIStatusBarStyle[sdk=iphoneos*]" = UIStatusBarStyleDefault;
				"INFOPLIST_KEY_UIStatusBarStyle[sdk=iphonesimulator*]" = UIStatusBarStyleDefault;
				INFOPLIST_KEY_UISupportedInterfaceOrientations_iPad = "UIInterfaceOrientationPortrait UIInterfaceOrientationPortraitUpsideDown UIInterfaceOrientationLandscapeLeft UIInterfaceOrientationLandscapeRight";
				INFOPLIST_KEY_UISupportedInterfaceOrientations_iPhone = "UIInterfaceOrientationPortrait UIInterfaceOrientationLandscapeLeft UIInterfaceOrientationLandscapeRight";
				IPHONEOS_DEPLOYMENT_TARGET = 17.0;
				LD_RUNPATH_SEARCH_PATHS = "@executable_path/Frameworks";
				"LD_RUNPATH_SEARCH_PATHS[sdk=macosx*]" = "@executable_path/../Frameworks";
				MACOSX_DEPLOYMENT_TARGET = 13.0;
				MARKETING_VERSION = 0.1;
				PRODUCT_BUNDLE_IDENTIFIER = uk.co.spotlightkid.tootygraph;
				PRODUCT_NAME = "$(TARGET_NAME)";
				SDKROOT = auto;
				SUPPORTED_PLATFORMS = "iphoneos iphonesimulator";
				SUPPORTS_MACCATALYST = NO;
				SWIFT_EMIT_LOC_STRINGS = YES;
				SWIFT_VERSION = 5.0;
				TARGETED_DEVICE_FAMILY = "1,2";
			};
			name = Release;
		};
/* End XCBuildConfiguration section */

/* Begin XCConfigurationList section */
		22EC11F5298F23E100976ECC /* Build configuration list for PBXProject "Tootygraph" */ = {
			isa = XCConfigurationList;
			buildConfigurations = (
				22EC1207298F23E200976ECC /* Debug */,
				22EC1208298F23E200976ECC /* Release */,
			);
			defaultConfigurationIsVisible = 0;
			defaultConfigurationName = Release;
		};
		22EC1209298F23E200976ECC /* Build configuration list for PBXNativeTarget "Tootygraph" */ = {
			isa = XCConfigurationList;
			buildConfigurations = (
				22EC120A298F23E200976ECC /* Debug */,
				22EC120B298F23E200976ECC /* Release */,
			);
			defaultConfigurationIsVisible = 0;
			defaultConfigurationName = Release;
		};
/* End XCConfigurationList section */

/* Begin XCRemoteSwiftPackageReference section */
		22120CAB2B4AB8B3006FECD6 /* XCRemoteSwiftPackageReference "Gifu" */ = {
			isa = XCRemoteSwiftPackageReference;
			repositoryURL = "https://github.com/kaishin/Gifu.git";
			requirement = {
				kind = upToNextMajorVersion;
				minimumVersion = 3.4.0;
			};
		};
		2236FB6429946A7100436F65 /* XCRemoteSwiftPackageReference "SwiftSoup" */ = {
			isa = XCRemoteSwiftPackageReference;
			repositoryURL = "https://github.com/scinfu/SwiftSoup.git";
			requirement = {
				kind = upToNextMajorVersion;
				minimumVersion = 2.5.3;
			};
		};
		2245C226299847AF004B3A4A /* XCRemoteSwiftPackageReference "TootSDK" */ = {
			isa = XCRemoteSwiftPackageReference;
			repositoryURL = "https://github.com/TootSDK/TootSDK";
			requirement = {
				kind = upToNextMajorVersion;
				minimumVersion = 1.7.0;
			};
		};
		22EC122029904FF900976ECC /* XCRemoteSwiftPackageReference "Nuke" */ = {
			isa = XCRemoteSwiftPackageReference;
			repositoryURL = "https://github.com/kean/Nuke";
			requirement = {
				kind = upToNextMajorVersion;
				minimumVersion = 12.1.0;
			};
		};
		22EC1229299061AC00976ECC /* XCRemoteSwiftPackageReference "Boutique" */ = {
			isa = XCRemoteSwiftPackageReference;
			repositoryURL = "https://github.com/mergesort/Boutique.git";
			requirement = {
				kind = upToNextMajorVersion;
				minimumVersion = 2.1.0;
			};
		};
/* End XCRemoteSwiftPackageReference section */

/* Begin XCSwiftPackageProductDependency section */
		22120CA82B4A2A99006FECD6 /* NukeVideo */ = {
			isa = XCSwiftPackageProductDependency;
			package = 22EC122029904FF900976ECC /* XCRemoteSwiftPackageReference "Nuke" */;
			productName = NukeVideo;
		};
		22120CAC2B4AB8B3006FECD6 /* Gifu */ = {
			isa = XCSwiftPackageProductDependency;
			package = 22120CAB2B4AB8B3006FECD6 /* XCRemoteSwiftPackageReference "Gifu" */;
			productName = Gifu;
		};
		2236FB6529946A7100436F65 /* SwiftSoup */ = {
			isa = XCSwiftPackageProductDependency;
			package = 2236FB6429946A7100436F65 /* XCRemoteSwiftPackageReference "SwiftSoup" */;
			productName = SwiftSoup;
		};
		2245C227299847AF004B3A4A /* MultipartKitTootSDK */ = {
			isa = XCSwiftPackageProductDependency;
			package = 2245C226299847AF004B3A4A /* XCRemoteSwiftPackageReference "TootSDK" */;
			productName = MultipartKitTootSDK;
		};
		2245C229299847AF004B3A4A /* TootSDK */ = {
			isa = XCSwiftPackageProductDependency;
			package = 2245C226299847AF004B3A4A /* XCRemoteSwiftPackageReference "TootSDK" */;
			productName = TootSDK;
		};
		22EC122129904FF900976ECC /* Nuke */ = {
			isa = XCSwiftPackageProductDependency;
			package = 22EC122029904FF900976ECC /* XCRemoteSwiftPackageReference "Nuke" */;
			productName = Nuke;
		};
		22EC122329904FF900976ECC /* NukeExtensions */ = {
			isa = XCSwiftPackageProductDependency;
			package = 22EC122029904FF900976ECC /* XCRemoteSwiftPackageReference "Nuke" */;
			productName = NukeExtensions;
		};
		22EC122529904FF900976ECC /* NukeUI */ = {
			isa = XCSwiftPackageProductDependency;
			package = 22EC122029904FF900976ECC /* XCRemoteSwiftPackageReference "Nuke" */;
			productName = NukeUI;
		};
		22EC122A299061AC00976ECC /* Boutique */ = {
			isa = XCSwiftPackageProductDependency;
			package = 22EC1229299061AC00976ECC /* XCRemoteSwiftPackageReference "Boutique" */;
			productName = Boutique;
		};
/* End XCSwiftPackageProductDependency section */
	};
	rootObject = 22EC11F2298F23E100976ECC /* Project object */;
}
